
Microsoft Visual Studio Solution File, Format Version 12.00
# Visual Studio 15
VisualStudioVersion = 15.0.28010.2048
MinimumVisualStudioVersion = 10.0.40219.1
Project("{FAE04EC0-301F-11D3-BF4B-00C04F79EFBC}") = "OsvezivacVazduhaApp", "OsvezivacVazduhaApp\OsvezivacVazduhaApp.csproj", "{B061F2CA-B7C2-4C65-ABD4-195FACE02758}"
EndProject
Global
	GlobalSection(SolutionConfigurationPlatforms) = preSolution
		Debug|Any CPU = Debug|Any CPU
		Release|Any CPU = Release|Any CPU
	EndGlobalSection
	GlobalSection(ProjectConfigurationPlatforms) = postSolution
		{B061F2CA-B7C2-4C65-ABD4-195FACE02758}.Debug|Any CPU.ActiveCfg = Debug|Any CPU
		{B061F2CA-B7C2-4C65-ABD4-195FACE02758}.Debug|Any CPU.Build.0 = Debug|Any CPU
		{B061F2CA-B7C2-4C65-ABD4-195FACE02758}.Release|Any CPU.ActiveCfg = Release|Any CPU
		{B061F2CA-B7C2-4C65-ABD4-195FACE02758}.Release|Any CPU.Build.0 = Release|Any CPU
	EndGlobalSection
	GlobalSection(SolutionProperties) = preSolution
		HideSolutionNode = FALSE
	EndGlobalSection
	GlobalSection(ExtensibilityGlobals) = postSolution
		SolutionGuid = {14DE8F23-083D-4FB8-9927-F91B5B5DC6BD}
	EndGlobalSection
EndGlobal
